
Microsoft Visual Studio Solution File, Format Version 12.00
# Visual Studio 14
VisualStudioVersion = 14.0.25420.1
MinimumVisualStudioVersion = 10.0.40219.1
Project("{FAE04EC0-301F-11D3-BF4B-00C04F79EFBC}") = "eMail", "eMail\eMail.csproj", "{26AD8B7E-F6F5-4F84-98EB-69A53BBBCE90}"
EndProject
Project("{FAE04EC0-301F-11D3-BF4B-00C04F79EFBC}") = "Mail", "Mail\Mail.csproj", "{47342B7D-3EAD-4539-A5BE-7FF372CD0FB2}"
EndProject
Project("{FAE04EC0-301F-11D3-BF4B-00C04F79EFBC}") = "StringUtil", "StringUtil\StringUtil.csproj", "{75801840-0180-4703-8869-B6A0AFDAE216}"
EndProject
Global
	GlobalSection(SolutionConfigurationPlatforms) = preSolution
		Debug|Any CPU = Debug|Any CPU
		Release|Any CPU = Release|Any CPU
	EndGlobalSection
	GlobalSection(ProjectConfigurationPlatforms) = postSolution
		{26AD8B7E-F6F5-4F84-98EB-69A53BBBCE90}.Debug|Any CPU.ActiveCfg = Debug|Any CPU
		{26AD8B7E-F6F5-4F84-98EB-69A53BBBCE90}.Debug|Any CPU.Build.0 = Debug|Any CPU
		{26AD8B7E-F6F5-4F84-98EB-69A53BBBCE90}.Release|Any CPU.ActiveCfg = Release|Any CPU
		{26AD8B7E-F6F5-4F84-98EB-69A53BBBCE90}.Release|Any CPU.Build.0 = Release|Any CPU
		{47342B7D-3EAD-4539-A5BE-7FF372CD0FB2}.Debug|Any CPU.ActiveCfg = Debug|Any CPU
		{47342B7D-3EAD-4539-A5BE-7FF372CD0FB2}.Debug|Any CPU.Build.0 = Debug|Any CPU
		{47342B7D-3EAD-4539-A5BE-7FF372CD0FB2}.Release|Any CPU.ActiveCfg = Release|Any CPU
		{47342B7D-3EAD-4539-A5BE-7FF372CD0FB2}.Release|Any CPU.Build.0 = Release|Any CPU
		{75801840-0180-4703-8869-B6A0AFDAE216}.Debug|Any CPU.ActiveCfg = Debug|Any CPU
		{75801840-0180-4703-8869-B6A0AFDAE216}.Debug|Any CPU.Build.0 = Debug|Any CPU
		{75801840-0180-4703-8869-B6A0AFDAE216}.Release|Any CPU.ActiveCfg = Release|Any CPU
		{75801840-0180-4703-8869-B6A0AFDAE216}.Release|Any CPU.Build.0 = Release|Any CPU
	EndGlobalSection
	GlobalSection(SolutionProperties) = preSolution
		HideSolutionNode = FALSE
	EndGlobalSection
EndGlobal
